
Microsoft Visual Studio Solution File, Format Version 12.00
# Visual Studio 2012
Project("{FAE04EC0-301F-11D3-BF4B-00C04F79EFBC}") = "eCommservices", "eCommservices\eCommservices.csproj", "{3602506B-6628-40B9-8695-41EFE84FAAC0}"
EndProject
Project("{FAE04EC0-301F-11D3-BF4B-00C04F79EFBC}") = "ConsoleApplication1", "ConsoleApplication1\ConsoleApplication1.csproj", "{FBD7DD4F-765B-41A7-911C-970819B6A03D}"
EndProject
Project("{FAE04EC0-301F-11D3-BF4B-00C04F79EFBC}") = "MvcWebRole1", "..\Galib_Gaurav_FB\MvcWebRole1\MvcWebRole1.csproj", "{A3AEFC18-DA29-4D10-A30C-3E12325C8FB7}"
EndProject
Project("{FAE04EC0-301F-11D3-BF4B-00C04F79EFBC}") = "eCommservicesClient", "eCommservicesClient\eCommservicesClient.csproj", "{78BFC7E2-E487-4761-8F25-E415497B19E0}"
EndProject
Global
	GlobalSection(SolutionConfigurationPlatforms) = preSolution
		Debug|Any CPU = Debug|Any CPU
		Release|Any CPU = Release|Any CPU
	EndGlobalSection
	GlobalSection(ProjectConfigurationPlatforms) = postSolution
		{3602506B-6628-40B9-8695-41EFE84FAAC0}.Debug|Any CPU.ActiveCfg = Debug|Any CPU
		{3602506B-6628-40B9-8695-41EFE84FAAC0}.Debug|Any CPU.Build.0 = Debug|Any CPU
		{3602506B-6628-40B9-8695-41EFE84FAAC0}.Release|Any CPU.ActiveCfg = Release|Any CPU
		{3602506B-6628-40B9-8695-41EFE84FAAC0}.Release|Any CPU.Build.0 = Release|Any CPU
		{FBD7DD4F-765B-41A7-911C-970819B6A03D}.Debug|Any CPU.ActiveCfg = Debug|Any CPU
		{FBD7DD4F-765B-41A7-911C-970819B6A03D}.Debug|Any CPU.Build.0 = Debug|Any CPU
		{FBD7DD4F-765B-41A7-911C-970819B6A03D}.Release|Any CPU.ActiveCfg = Release|Any CPU
		{FBD7DD4F-765B-41A7-911C-970819B6A03D}.Release|Any CPU.Build.0 = Release|Any CPU
		{A3AEFC18-DA29-4D10-A30C-3E12325C8FB7}.Debug|Any CPU.ActiveCfg = Debug|Any CPU
		{A3AEFC18-DA29-4D10-A30C-3E12325C8FB7}.Debug|Any CPU.Build.0 = Debug|Any CPU
		{A3AEFC18-DA29-4D10-A30C-3E12325C8FB7}.Release|Any CPU.ActiveCfg = Release|Any CPU
		{A3AEFC18-DA29-4D10-A30C-3E12325C8FB7}.Release|Any CPU.Build.0 = Release|Any CPU
		{78BFC7E2-E487-4761-8F25-E415497B19E0}.Debug|Any CPU.ActiveCfg = Debug|Any CPU
		{78BFC7E2-E487-4761-8F25-E415497B19E0}.Debug|Any CPU.Build.0 = Debug|Any CPU
		{78BFC7E2-E487-4761-8F25-E415497B19E0}.Release|Any CPU.ActiveCfg = Release|Any CPU
		{78BFC7E2-E487-4761-8F25-E415497B19E0}.Release|Any CPU.Build.0 = Release|Any CPU
	EndGlobalSection
	GlobalSection(SolutionProperties) = preSolution
		HideSolutionNode = FALSE
	EndGlobalSection
EndGlobal
